
Microsoft Visual Studio Solution File, Format Version 12.00
# Visual Studio Version 17
VisualStudioVersion = 17.9.34607.119
MinimumVisualStudioVersion = 10.0.40219.1
Project("{FAE04EC0-301F-11D3-BF4B-00C04F79EFBC}") = "Team_Project_CS", "Team_Project_CS\Team_Project_CS.csproj", "{A48BEEF9-D30E-4774-8DCF-3D1C3285BCCA}"
EndProject
Global
	GlobalSection(SolutionConfigurationPlatforms) = preSolution
		Debug|Any CPU = Debug|Any CPU
		Release|Any CPU = Release|Any CPU
	EndGlobalSection
	GlobalSection(ProjectConfigurationPlatforms) = postSolution
		{A48BEEF9-D30E-4774-8DCF-3D1C3285BCCA}.Debug|Any CPU.ActiveCfg = Debug|Any CPU
		{A48BEEF9-D30E-4774-8DCF-3D1C3285BCCA}.Debug|Any CPU.Build.0 = Debug|Any CPU
		{A48BEEF9-D30E-4774-8DCF-3D1C3285BCCA}.Release|Any CPU.ActiveCfg = Release|Any CPU
		{A48BEEF9-D30E-4774-8DCF-3D1C3285BCCA}.Release|Any CPU.Build.0 = Release|Any CPU
	EndGlobalSection
	GlobalSection(SolutionProperties) = preSolution
		HideSolutionNode = FALSE
	EndGlobalSection
	GlobalSection(ExtensibilityGlobals) = postSolution
		SolutionGuid = {0A9C4E92-5C04-49EE-8118-132ACA758A81}
	EndGlobalSection
EndGlobal
